
Microsoft Visual Studio Solution File, Format Version 12.00
# Visual Studio Version 16
VisualStudioVersion = 16.0.30503.244
MinimumVisualStudioVersion = 10.0.40219.1
Project("{FAE04EC0-301F-11D3-BF4B-00C04F79EFBC}") = "ConsoleApp4", "ConsoleApp4\ConsoleApp4.csproj", "{ED8732E9-311E-46E5-8542-6546B71A7D2B}"
EndProject
Global
	GlobalSection(SolutionConfigurationPlatforms) = preSolution
		Debug|Any CPU = Debug|Any CPU
		Release|Any CPU = Release|Any CPU
	EndGlobalSection
	GlobalSection(ProjectConfigurationPlatforms) = postSolution
		{ED8732E9-311E-46E5-8542-6546B71A7D2B}.Debug|Any CPU.ActiveCfg = Debug|Any CPU
		{ED8732E9-311E-46E5-8542-6546B71A7D2B}.Debug|Any CPU.Build.0 = Debug|Any CPU
		{ED8732E9-311E-46E5-8542-6546B71A7D2B}.Release|Any CPU.ActiveCfg = Release|Any CPU
		{ED8732E9-311E-46E5-8542-6546B71A7D2B}.Release|Any CPU.Build.0 = Release|Any CPU
	EndGlobalSection
	GlobalSection(SolutionProperties) = preSolution
		HideSolutionNode = FALSE
	EndGlobalSection
	GlobalSection(ExtensibilityGlobals) = postSolution
		SolutionGuid = {8F9154AE-9C78-42D2-8C38-0F0133D6B0CE}
	EndGlobalSection
EndGlobal
